{
  "nodes": {
    "flake-compat": {
      "flake": false,
      "locked": {
        "lastModified": 1627913399,
        "narHash": "sha256-hY8g6H2KFL8ownSiFeMOjwPC8P0ueXpCVEbxgda3pko=",
        "owner": "edolstra",
        "repo": "flake-compat",
        "rev": "12c64ca55c1014cdc1b16ed5a804aa8576601ff2",
        "type": "github"
      },
      "original": {
        "owner": "edolstra",
        "repo": "flake-compat",
        "type": "github"
      }
    },
    "flake-registry": {
      "flake": false,
      "locked": {
        "lastModified": 1639147349,
        "narHash": "sha256-icyPUCoXcFeASSOdP2zQGGKtWHyt1ZqLDl41OiMQbJ4=",
        "owner": "NixOS",
        "repo": "flake-registry",
        "rev": "142683660d8efac51d97b534a8bdedb5a9af1719",
        "type": "github"
      },
      "original": {
        "owner": "NixOS",
        "repo": "flake-registry",
        "type": "github"
      }
    },
    "flake-utils": {
      "locked": {
        "lastModified": 1601282935,
        "narHash": "sha256-WQAFV6sGGQxrRs3a+/Yj9xUYvhTpukQJIcMbIi7LCJ4=",
        "owner": "numtide",
        "repo": "flake-utils",
        "rev": "588973065fce51f4763287f0fda87a174d78bf48",
        "type": "github"
      },
      "original": {
        "owner": "numtide",
        "repo": "flake-utils",
        "type": "github"
      }
    },
    "flake-utils_2": {
      "locked": {
        "lastModified": 1629481132,
        "narHash": "sha256-JHgasjPR0/J1J3DRm4KxM4zTyAj4IOJY8vIl75v/kPI=",
        "owner": "numtide",
        "repo": "flake-utils",
        "rev": "997f7efcb746a9c140ce1f13c72263189225f482",
        "type": "github"
      },
      "original": {
        "owner": "numtide",
        "repo": "flake-utils",
        "type": "github"
      }
    },
    "flake-utils_3": {
      "locked": {
        "lastModified": 1610051610,
        "narHash": "sha256-U9rPz/usA1/Aohhk7Cmc2gBrEEKRzcW4nwPWMPwja4Y=",
        "owner": "numtide",
        "repo": "flake-utils",
        "rev": "3982c9903e93927c2164caa727cd3f6a0e6d14cc",
        "type": "github"
      },
      "original": {
        "owner": "numtide",
        "repo": "flake-utils",
        "type": "github"
      }
    },
    "home-manager": {
      "inputs": {
        "nixpkgs": [
          "nixpkgs"
        ]
      },
      "locked": {
        "lastModified": 1639871969,
        "narHash": "sha256-6feWUnMygRzA9tzkrfAzpA5/NBYg75bkFxnqb1DtD7E=",
        "owner": "nix-community",
        "repo": "home-manager",
        "rev": "697cc8c68ed6a606296efbbe9614c32537078756",
        "type": "github"
      },
      "original": {
        "owner": "nix-community",
        "ref": "release-21.11",
        "repo": "home-manager",
        "type": "github"
      }
    },
    "lowdown-src": {
      "flake": false,
      "locked": {
        "lastModified": 1633514407,
        "narHash": "sha256-Dw32tiMjdK9t3ETl5fzGrutQTzh2rufgZV4A/BbxuD4=",
        "owner": "kristapsdz",
        "repo": "lowdown",
        "rev": "d2c2b44ff6c27b936ec27358a2653caaef8f73b8",
        "type": "github"
      },
      "original": {
        "owner": "kristapsdz",
        "repo": "lowdown",
        "type": "github"
      }
    },
    "mach-nix": {
      "inputs": {
        "flake-utils": "flake-utils",
        "nixpkgs": "nixpkgs",
        "pypi-deps-db": "pypi-deps-db"
      },
      "locked": {
        "lastModified": 1641328265,
        "narHash": "sha256-ji+2JD5Goc/vMobOMM0RHfvV+W3bxfFG0mYq8ACTY4k=",
        "owner": "DavHau",
        "repo": "mach-nix",
        "rev": "bdc97ba6b2ecd045a467b008cff4ae337b6a7a6b",
        "type": "github"
      },
      "original": {
        "owner": "DavHau",
        "repo": "mach-nix",
        "type": "github"
      }
    },
    "mmdoc": {
      "inputs": {
        "nixpkgs": "nixpkgs_4",
        "nixpkgs-for-manual": "nixpkgs-for-manual"
      },
      "locked": {
        "lastModified": 1626736992,
        "narHash": "sha256-pgD5wGNKPrAO5ThfQjmdyezpc0RIXUeXyU/oFJRBfa0=",
        "owner": "ryantm",
        "repo": "mmdoc",
        "rev": "9793387e2d7c04fe8e35209de6da0b3b6e551fea",
        "type": "github"
      },
      "original": {
        "owner": "ryantm",
        "repo": "mmdoc",
        "type": "github"
      }
    },
    "neovim-nightly": {
      "inputs": {
        "flake-utils": "flake-utils_2",
        "nixpkgs": [
          "nixpkgs"
        ]
      },
      "locked": {
        "dir": "contrib",
        "lastModified": 1641759883,
        "narHash": "sha256-dYu02npRmmG/JkIABwrHi2l7RFeAZMs5ZQK1NAEG838=",
        "owner": "neovim",
        "repo": "neovim",
        "rev": "8f27c4a0417c001fa2dedb6346673da501ea78e5",
        "type": "github"
      },
      "original": {
        "dir": "contrib",
        "owner": "neovim",
        "repo": "neovim",
        "type": "github"
      }
    },
    "nix": {
      "inputs": {
        "lowdown-src": "lowdown-src",
        "nixpkgs": "nixpkgs_2"
      },
      "locked": {
        "lastModified": 1641558197,
        "narHash": "sha256-9/k+6B7SteBS5nNrApRMysnQz+DjRNyxNi2rl9gUv+w=",
        "owner": "NixOS",
        "repo": "nix",
        "rev": "fcddaa4b9b22a910a24a513bc05579a12eb1db41",
        "type": "github"
      },
      "original": {
        "owner": "NixOS",
        "repo": "nix",
        "type": "github"
      }
    },
    "nixGL": {
      "flake": false,
      "locked": {
        "lastModified": 1640912150,
        "narHash": "sha256-BERCTgnV1GtDjmMxAVy2CRdOoxk7AG1vEDvYPiIjk0s=",
        "owner": "guibou",
        "repo": "nixGL",
        "rev": "58ab858a1b1059184e0cdb358f3470fa8ededeac",
        "type": "github"
      },
      "original": {
        "owner": "guibou",
        "repo": "nixGL",
        "type": "github"
      }
    },
    "nixos-hardware": {
      "locked": {
        "lastModified": 1640686209,
        "narHash": "sha256-6glXUlKRDhEhNuYx6r3fXU6KH2/Vq9mJZjB9oUpwrmc=",
        "owner": "NixOS",
        "repo": "nixos-hardware",
        "rev": "46df95ca81e7e4cf3458cdb4b7d1714b5fce9da5",
        "type": "github"
      },
      "original": {
        "owner": "NixOS",
        "ref": "master",
        "repo": "nixos-hardware",
        "type": "github"
      }
    },
    "nixpkgs": {
      "locked": {
        "lastModified": 1622797669,
        "narHash": "sha256-xIyWeoYExzF0KNaKcqfxEX58fN4JTIQxTJWbsAujllc=",
        "owner": "NixOS",
        "repo": "nixpkgs",
        "rev": "1ca6b0a0cc38dbba0441202535c92841dd39d1ae",
        "type": "github"
      },
      "original": {
        "id": "nixpkgs",
        "ref": "nixos-unstable",
        "type": "indirect"
      }
    },
    "nixpkgs-for-manual": {
      "locked": {
        "lastModified": 1617080427,
        "narHash": "sha256-4en5vjUto7I3FBWKU+NjhS33K0Z5yk+zxCtGcIgaRjs=",
        "owner": "ryantm",
        "repo": "nixpkgs",
        "rev": "46fd6f0a282fdcebfeba221dba45adf12503afad",
        "type": "github"
      },
      "original": {
        "owner": "ryantm",
        "ref": "minman",
        "repo": "nixpkgs",
        "type": "github"
      }
    },
    "nixpkgs-master": {
      "locked": {
        "lastModified": 1641771460,
        "narHash": "sha256-JCHvh7ubYPDaw4cFyVlodDMrO9Slox/06GD3Agc8C4c=",
        "owner": "NixOS",
        "repo": "nixpkgs",
        "rev": "536dfd02249058e7f626c4c2c883cec936328952",
        "type": "github"
      },
      "original": {
        "owner": "NixOS",
        "ref": "master",
        "repo": "nixpkgs",
        "type": "github"
      }
    },
    "nixpkgs-review": {
      "inputs": {
        "flake-utils": "flake-utils_3",
        "nixpkgs": "nixpkgs_5"
      },
      "locked": {
        "lastModified": 1629814514,
        "narHash": "sha256-iBNBw+gh6CiXyeaTfm46g7DxYQ3fLKyHcPWHPxF5Xfc=",
        "owner": "mic92",
        "repo": "nixpkgs-review",
        "rev": "561ba2fff1993d5b71c12f90a5090507bfadf25e",
        "type": "github"
      },
      "original": {
        "owner": "mic92",
        "repo": "nixpkgs-review",
        "type": "github"
      }
    },
    "nixpkgs-unstable": {
      "locked": {
        "lastModified": 1641528457,
        "narHash": "sha256-FyU9E63n1W7Ql4pMnhW2/rO9OftWZ37pLppn/c1aisY=",
        "owner": "NixOS",
        "repo": "nixpkgs",
        "rev": "ff377a78794d412a35245e05428c8f95fef3951f",
        "type": "github"
      },
      "original": {
        "owner": "NixOS",
        "ref": "nixos-unstable",
        "repo": "nixpkgs",
        "type": "github"
      }
    },
    "nixpkgs-update": {
      "inputs": {
        "flake-compat": "flake-compat",
        "mmdoc": "mmdoc",
        "nixpkgs": [
          "nixpkgs"
        ],
        "nixpkgs-review": "nixpkgs-review"
      },
      "locked": {
        "lastModified": 1638756815,
        "narHash": "sha256-aErUTsmcCNemD/wua10EkYrSsI94N7aldYKW1XwhRqI=",
        "owner": "ryantm",
        "repo": "nixpkgs-update",
        "rev": "02e9fbb837f30097acb13db33c3d8d10d4fbd991",
        "type": "github"
      },
      "original": {
        "owner": "ryantm",
        "repo": "nixpkgs-update",
        "type": "github"
      }
    },
    "nixpkgs_2": {
      "locked": {
        "lastModified": 1632864508,
        "narHash": "sha256-d127FIvGR41XbVRDPVvozUPQ/uRHbHwvfyKHwEt5xFM=",
        "owner": "NixOS",
        "repo": "nixpkgs",
        "rev": "82891b5e2c2359d7e58d08849e4c89511ab94234",
        "type": "github"
      },
      "original": {
        "id": "nixpkgs",
        "ref": "nixos-21.05-small",
        "type": "indirect"
      }
    },
    "nixpkgs_3": {
      "locked": {
        "lastModified": 1641687203,
        "narHash": "sha256-W6Xrb/l1x+E+WMVLw4q5HUnNjt3x4WQFSYJtjJtopbU=",
        "owner": "NixOS",
        "repo": "nixpkgs",
        "rev": "00acdb2aa817048fbe1f91ece18fe7de09762531",
        "type": "github"
      },
      "original": {
        "owner": "NixOS",
        "ref": "nixos-21.11",
        "repo": "nixpkgs",
        "type": "github"
      }
    },
    "nixpkgs_4": {
      "locked": {
        "lastModified": 1620788202,
        "narHash": "sha256-MupOww6wQHG2LiF7ALeT+TxvgzS1ROQy7dChZX5ohiA=",
        "owner": "NixOS",
        "repo": "nixpkgs",
        "rev": "c8750770c4f59b0825bf2b7b914c343543958a80",
        "type": "github"
      },
      "original": {
        "id": "nixpkgs",
        "type": "indirect"
      }
    },
    "nixpkgs_5": {
      "locked": {
        "lastModified": 1613848021,
        "narHash": "sha256-9JICogf6yTscjE3bmeX13vks+omv8408I3B7gWIau5U=",
        "owner": "NixOS",
        "repo": "nixpkgs",
        "rev": "1c5ca28030c459fc10d69b8608c66ed3a45f8fe9",
        "type": "github"
      },
      "original": {
        "id": "nixpkgs",
        "type": "indirect"
      }
    },
    "openconnect-sso": {
      "flake": false,
      "locked": {
        "lastModified": 1639475764,
        "narHash": "sha256-VvhPYafFfvhp7ZlygZ0kTyczkLY/5e0ip5OElX2CwhM=",
        "owner": "vlaci",
        "repo": "openconnect-sso",
        "rev": "4430cb09aefe15108e5f3b40b94ed792fbe9548b",
        "type": "github"
      },
      "original": {
        "owner": "vlaci",
        "repo": "openconnect-sso",
        "type": "github"
      }
    },
    "pypi-deps-db": {
      "flake": false,
      "locked": {
        "lastModified": 1622970040,
        "narHash": "sha256-u//RFnae/XMIhoy83G2uH2Qu/1LiUhVCdwwY1xj4Ufs=",
        "owner": "DavHau",
        "repo": "pypi-deps-db",
        "rev": "be6591698c67a86a69c81fef72167e38d038a9fc",
        "type": "github"
      },
      "original": {
        "owner": "DavHau",
        "repo": "pypi-deps-db",
        "type": "github"
      }
    },
    "root": {
      "inputs": {
        "flake-registry": "flake-registry",
        "home-manager": "home-manager",
        "mach-nix": "mach-nix",
        "neovim-nightly": "neovim-nightly",
        "nix": "nix",
        "nixGL": "nixGL",
        "nixos-hardware": "nixos-hardware",
        "nixpkgs": "nixpkgs_3",
        "nixpkgs-master": "nixpkgs-master",
        "nixpkgs-unstable": "nixpkgs-unstable",
        "nixpkgs-update": "nixpkgs-update",
        "openconnect-sso": "openconnect-sso"
      }
    }
  },
  "root": "root",
  "version": 7
}
