{
  "nodes": {
    "alejandra": {
      "inputs": {
        "flakeCompat": "flakeCompat",
        "nixpkgs": [
          "nixpkgs"
        ]
      },
      "locked": {
        "lastModified": 1652974241,
        "narHash": "sha256-0AolxQtKj3Oek0WSbODDpPVO5Ih8PXHOA3qXEKPB4dQ=",
        "owner": "kamadorueda",
        "repo": "alejandra",
        "rev": "0be1462419fc73270a5dc0f84f8092603890b029",
        "type": "github"
      },
      "original": {
        "owner": "kamadorueda",
        "repo": "alejandra",
        "type": "github"
      }
    },
    "flake-compat": {
      "flake": false,
      "locked": {
        "lastModified": 1627913399,
        "narHash": "sha256-hY8g6H2KFL8ownSiFeMOjwPC8P0ueXpCVEbxgda3pko=",
        "owner": "edolstra",
        "repo": "flake-compat",
        "rev": "12c64ca55c1014cdc1b16ed5a804aa8576601ff2",
        "type": "github"
      },
      "original": {
        "owner": "edolstra",
        "repo": "flake-compat",
        "type": "github"
      }
    },
    "flake-modules-core": {
      "inputs": {
        "nixpkgs": [
          "hercules-ci-agent",
          "nixos-unstable"
        ]
      },
      "locked": {
        "lastModified": 1647368891,
        "narHash": "sha256-czmhnXovaf7Qsg1ASXIfr8WOkRPWYVfI7Mc7V9QzvGE=",
        "owner": "hercules-ci",
        "repo": "flake-modules-core",
        "rev": "fd84881e00ea7d070f8a11689ae333d15c317213",
        "type": "github"
      },
      "original": {
        "owner": "hercules-ci",
        "repo": "flake-modules-core",
        "type": "github"
      }
    },
    "flake-registry": {
      "flake": false,
      "locked": {
        "lastModified": 1649622121,
        "narHash": "sha256-0aumhaIc5DWeY5t3fflyUACcT+ADOS7CAEYVqcSkifE=",
        "owner": "NixOS",
        "repo": "flake-registry",
        "rev": "5e7e4d3227259eb961bbd5926bad9d609a29a988",
        "type": "github"
      },
      "original": {
        "owner": "NixOS",
        "repo": "flake-registry",
        "type": "github"
      }
    },
    "flake-utils": {
      "locked": {
        "lastModified": 1619345332,
        "narHash": "sha256-qHnQkEp1uklKTpx3MvKtY6xzgcqXDsz5nLilbbuL+3A=",
        "owner": "numtide",
        "repo": "flake-utils",
        "rev": "2ebf2558e5bf978c7fb8ea927dfaed8fefab2e28",
        "type": "github"
      },
      "original": {
        "owner": "numtide",
        "repo": "flake-utils",
        "type": "github"
      }
    },
    "flake-utils_2": {
      "locked": {
        "lastModified": 1644229661,
        "narHash": "sha256-1YdnJAsNy69bpcjuoKdOYQX0YxZBiCYZo4Twxerqv7k=",
        "owner": "numtide",
        "repo": "flake-utils",
        "rev": "3cecb5b042f7f209c56ffd8371b2711a290ec797",
        "type": "github"
      },
      "original": {
        "owner": "numtide",
        "repo": "flake-utils",
        "type": "github"
      }
    },
    "flake-utils_3": {
      "locked": {
        "lastModified": 1638122382,
        "narHash": "sha256-sQzZzAbvKEqN9s0bzWuYmRaA03v40gaJ4+iL1LXjaeI=",
        "owner": "numtide",
        "repo": "flake-utils",
        "rev": "74f7e4319258e287b0f9cb95426c9853b282730b",
        "type": "github"
      },
      "original": {
        "owner": "numtide",
        "repo": "flake-utils",
        "type": "github"
      }
    },
    "flake-utils_4": {
      "locked": {
        "lastModified": 1629481132,
        "narHash": "sha256-JHgasjPR0/J1J3DRm4KxM4zTyAj4IOJY8vIl75v/kPI=",
        "owner": "numtide",
        "repo": "flake-utils",
        "rev": "997f7efcb746a9c140ce1f13c72263189225f482",
        "type": "github"
      },
      "original": {
        "owner": "numtide",
        "repo": "flake-utils",
        "type": "github"
      }
    },
    "flakeCompat": {
      "flake": false,
      "locked": {
        "lastModified": 1648199409,
        "narHash": "sha256-JwPKdC2PoVBkG6E+eWw3j6BMR6sL3COpYWfif7RVb8Y=",
        "owner": "edolstra",
        "repo": "flake-compat",
        "rev": "64a525ee38886ab9028e6f61790de0832aa3ef03",
        "type": "github"
      },
      "original": {
        "owner": "edolstra",
        "repo": "flake-compat",
        "type": "github"
      }
    },
    "hercules-ci-agent": {
      "inputs": {
        "flake-modules-core": "flake-modules-core",
        "nix-darwin": "nix-darwin",
        "nixos-unstable": "nixos-unstable",
        "pre-commit-hooks-nix": "pre-commit-hooks-nix"
      },
      "locked": {
        "lastModified": 1649438162,
        "narHash": "sha256-E3/pyHQqfNUMDv8YMN5Fr2VldDL5w2yiQJN/P80rUtM=",
        "owner": "hercules-ci",
        "repo": "hercules-ci-agent",
        "rev": "eaad1bcbc06412b912acd700d479e209f84341b4",
        "type": "github"
      },
      "original": {
        "owner": "hercules-ci",
        "ref": "hercules-ci-agent-0.9.3",
        "repo": "hercules-ci-agent",
        "type": "github"
      }
    },
    "home-manager": {
      "inputs": {
        "nixpkgs": [
          "nixpkgs"
        ]
      },
      "locked": {
        "lastModified": 1652996682,
        "narHash": "sha256-7ZWyd5W2tM/uxXGn16AJUXenlGPUt/r6zitEcorz5j0=",
        "owner": "nix-community",
        "repo": "home-manager",
        "rev": "02b15de8ad714409358cffdc6ed518ade03402c4",
        "type": "github"
      },
      "original": {
        "owner": "nix-community",
        "ref": "master",
        "repo": "home-manager",
        "type": "github"
      }
    },
    "neovim-nightly": {
      "inputs": {
        "flake-utils": "flake-utils_2",
        "nixpkgs": [
          "nixpkgs"
        ]
      },
      "locked": {
        "dir": "contrib",
        "lastModified": 1653058851,
        "narHash": "sha256-t1N7tWSY3NZCIFsDP5o5Gn/6CvdLWV//UgO8W2RUwTM=",
        "owner": "neovim",
        "repo": "neovim",
        "rev": "ffb55261a835e998abd49ff7efc4164f43b6bbe5",
        "type": "github"
      },
      "original": {
        "dir": "contrib",
        "owner": "neovim",
        "repo": "neovim",
        "type": "github"
      }
    },
    "nix-darwin": {
      "inputs": {
        "nixpkgs": "nixpkgs"
      },
      "locked": {
        "lastModified": 1648278671,
        "narHash": "sha256-1WrR9ex+rKTjZtODNUZQhkWYUprtfOkjOyo9YWL2NMs=",
        "owner": "LnL7",
        "repo": "nix-darwin",
        "rev": "4fdbb8168f61d31d3f90bb0d07f48de709c4fe79",
        "type": "github"
      },
      "original": {
        "owner": "LnL7",
        "repo": "nix-darwin",
        "type": "github"
      }
    },
    "nixGL": {
      "flake": false,
      "locked": {
        "lastModified": 1651078744,
        "narHash": "sha256-+S/NEzZoTt7EoSOMEUsR/LuNTtzYhbribFaIewNxdCQ=",
        "owner": "guibou",
        "repo": "nixGL",
        "rev": "56f2fbcce7a08c60c98394a64e900d5e9227bcb2",
        "type": "github"
      },
      "original": {
        "owner": "guibou",
        "repo": "nixGL",
        "type": "github"
      }
    },
    "nixos-hardware": {
      "locked": {
        "lastModified": 1653029861,
        "narHash": "sha256-f9IkBMBuFZcq+lspk91OKsNaBtrrDsKn+ItHmj2fO/4=",
        "owner": "NixOS",
        "repo": "nixos-hardware",
        "rev": "b49fe0e96e6b1233340eae44b257160f3c71a32d",
        "type": "github"
      },
      "original": {
        "owner": "NixOS",
        "ref": "master",
        "repo": "nixos-hardware",
        "type": "github"
      }
    },
    "nixos-unstable": {
      "locked": {
        "lastModified": 1649417654,
        "narHash": "sha256-IKC+25OiNIGPIGs0iBg/gx1lrGR4N5MGe5x+sGi7vzw=",
        "owner": "NixOS",
        "repo": "nixpkgs",
        "rev": "5df8b35e4f4074bd8b77eed10b267b6e5d029d6c",
        "type": "github"
      },
      "original": {
        "owner": "NixOS",
        "repo": "nixpkgs",
        "type": "github"
      }
    },
    "nixos-unstable_2": {
      "locked": {
        "lastModified": 1652885393,
        "narHash": "sha256-YIgvvlk4iQ1Hi7KD9o5gsojc+ApB+jiH1d5stK8uXiw=",
        "owner": "NixOS",
        "repo": "nixpkgs",
        "rev": "48037fd90426e44e4bf03e6479e88a11453b9b66",
        "type": "github"
      },
      "original": {
        "owner": "NixOS",
        "ref": "nixos-unstable",
        "repo": "nixpkgs",
        "type": "github"
      }
    },
    "nixpkgs": {
      "locked": {
        "lastModified": 1602411953,
        "narHash": "sha256-gbupmxRpoQZqL5NBQCJN2GI5G7XDEHHHYKhVwEj5+Ps=",
        "owner": "LnL7",
        "repo": "nixpkgs",
        "rev": "f780534ea2d0c12e62607ff254b6b45f46653f7a",
        "type": "github"
      },
      "original": {
        "id": "nixpkgs",
        "type": "indirect"
      }
    },
    "nixpkgs-master": {
      "locked": {
        "lastModified": 1653058418,
        "narHash": "sha256-rr+NP3ak+BU1tBye27jPIp2OrOr/742wNPdVqyHeB4c=",
        "owner": "NixOS",
        "repo": "nixpkgs",
        "rev": "f2db28ca7cca3f0e8ff74b65c5326f0dc0483288",
        "type": "github"
      },
      "original": {
        "owner": "NixOS",
        "ref": "master",
        "repo": "nixpkgs",
        "type": "github"
      }
    },
    "nixpkgs-review": {
      "inputs": {
        "flake-utils": "flake-utils_3",
        "nixpkgs": [
          "nixpkgs"
        ]
      },
      "locked": {
        "lastModified": 1648364150,
        "narHash": "sha256-hGOcLrVPb+bSNA72ZfKE9Mjm2dr/qnuaCkjveHXPcws=",
        "owner": "Mic92",
        "repo": "nixpkgs-review",
        "rev": "178fd4d0fcb6f0c8ef81d87eae7ea05b911f4d2d",
        "type": "github"
      },
      "original": {
        "owner": "Mic92",
        "ref": "2.7.0",
        "repo": "nixpkgs-review",
        "type": "github"
      }
    },
    "nixpkgs-unfree": {
      "inputs": {
        "nixpkgs": [
          "nixpkgs"
        ]
      },
      "locked": {
        "lastModified": 1652996630,
        "narHash": "sha256-hysvyYo4NQgcOIHBnLxjEQlEbnEhmFv/wohCYB04G70=",
        "owner": "SomeoneSerge",
        "repo": "nixpkgs-unfree",
        "rev": "edfcb480284730fcc45ef1bf3045b8b900405567",
        "type": "github"
      },
      "original": {
        "owner": "SomeoneSerge",
        "ref": "nixpkgs-unstable",
        "repo": "nixpkgs-unfree",
        "type": "github"
      }
    },
    "nixpkgs-update": {
      "inputs": {
        "flake-compat": "flake-compat",
        "flake-utils": "flake-utils_4",
        "nixpkgs": [
          "nixpkgs"
        ],
        "nixpkgs-review": [
          "nixpkgs-review"
        ]
      },
      "locked": {
        "lastModified": 1629856409,
        "narHash": "sha256-VRmUwu2Z5xE9vOyYY1AfVeE5fx9YBTCZozIiQYVUaEk=",
        "owner": "ryantm",
        "repo": "nixpkgs-update",
        "rev": "868bcb0708ec58ab2046cd127e45a7c41644b337",
        "type": "github"
      },
      "original": {
        "owner": "ryantm",
        "ref": "0.3.0",
        "repo": "nixpkgs-update",
        "type": "github"
      }
    },
    "nixpkgs_2": {
      "locked": {
        "lastModified": 1619531122,
        "narHash": "sha256-ovm5bo6PkZzNKh2YGXbRKYIjega0EjiEP0YDwyeXEYU=",
        "owner": "NixOS",
        "repo": "nixpkgs",
        "rev": "bb80d578e8ad3cb5a607f468ac00cc546d0396dc",
        "type": "github"
      },
      "original": {
        "id": "nixpkgs",
        "type": "indirect"
      }
    },
    "nixpkgs_3": {
      "locked": {
        "lastModified": 1653059092,
        "narHash": "sha256-/BJx0e//v4C0euXFTtOazhPtSOp4ZJ/mJeUi+aKQvgA=",
        "owner": "SomeoneSerge",
        "repo": "nixpkgs",
        "rev": "aa55ceb4afcc4683f360408d3acb2f098bcc462c",
        "type": "github"
      },
      "original": {
        "owner": "SomeoneSerge",
        "ref": "less-unstable",
        "repo": "nixpkgs",
        "type": "github"
      }
    },
    "openconnect-sso": {
      "flake": false,
      "locked": {
        "lastModified": 1639475764,
        "narHash": "sha256-VvhPYafFfvhp7ZlygZ0kTyczkLY/5e0ip5OElX2CwhM=",
        "owner": "vlaci",
        "repo": "openconnect-sso",
        "rev": "4430cb09aefe15108e5f3b40b94ed792fbe9548b",
        "type": "github"
      },
      "original": {
        "owner": "vlaci",
        "repo": "openconnect-sso",
        "type": "github"
      }
    },
    "pre-commit-hooks-nix": {
      "inputs": {
        "flake-utils": "flake-utils",
        "nixpkgs": "nixpkgs_2"
      },
      "locked": {
        "lastModified": 1638351750,
        "narHash": "sha256-90OHC+11DIHD1QyMIPUuM3n6zjH5Mhc8RBZa0h8969A=",
        "owner": "hercules-ci",
        "repo": "pre-commit-hooks.nix",
        "rev": "3bb289628867ac40fc9e7c514f8266b1ce8c0910",
        "type": "github"
      },
      "original": {
        "owner": "hercules-ci",
        "ref": "flakeModule",
        "repo": "pre-commit-hooks.nix",
        "type": "github"
      }
    },
    "root": {
      "inputs": {
        "alejandra": "alejandra",
        "flake-registry": "flake-registry",
        "hercules-ci-agent": "hercules-ci-agent",
        "home-manager": "home-manager",
        "neovim-nightly": "neovim-nightly",
        "nixGL": "nixGL",
        "nixos-hardware": "nixos-hardware",
        "nixos-unstable": "nixos-unstable_2",
        "nixpkgs": "nixpkgs_3",
        "nixpkgs-master": "nixpkgs-master",
        "nixpkgs-review": "nixpkgs-review",
        "nixpkgs-unfree": "nixpkgs-unfree",
        "nixpkgs-update": "nixpkgs-update",
        "openconnect-sso": "openconnect-sso",
        "rycee": "rycee"
      }
    },
    "rycee": {
      "flake": false,
      "locked": {
        "lastModified": 1653019348,
        "narHash": "sha256-h/fAu6aAz2yek6AICgLhMcJm3EEh8apqqadOII7nWn0=",
        "ref": "master",
        "rev": "86cbba134d974195ac8088f62ed09b66212c7fd5",
        "revCount": 2239,
        "type": "git",
        "url": "https://gitlab.com/rycee/nur-expressions.git"
      },
      "original": {
        "type": "git",
        "url": "https://gitlab.com/rycee/nur-expressions.git"
      }
    }
  },
  "root": "root",
  "version": 7
}
